// !$*UTF8*$!
{
	archiveVersion = 1;
	classes = {
	};
	objectVersion = 46;
	objects = {

/* Begin PBXBuildFile section */
		FAD638C41AC8A76200E004C4 /* AppDelegate.swift in Sources */ = {isa = PBXBuildFile; fileRef = FAD638C31AC8A76200E004C4 /* AppDelegate.swift */; };
		FAD638C71AC8A76200E004C4 /* Beer.xcdatamodeld in Sources */ = {isa = PBXBuildFile; fileRef = FAD638C51AC8A76200E004C4 /* Beer.xcdatamodeld */; };
		FAD638C91AC8A76200E004C4 /* ViewController.swift in Sources */ = {isa = PBXBuildFile; fileRef = FAD638C81AC8A76200E004C4 /* ViewController.swift */; };
		FAD638CC1AC8A76200E004C4 /* Main.storyboard in Resources */ = {isa = PBXBuildFile; fileRef = FAD638CA1AC8A76200E004C4 /* Main.storyboard */; };
		FAD638CE1AC8A76200E004C4 /* Images.xcassets in Resources */ = {isa = PBXBuildFile; fileRef = FAD638CD1AC8A76200E004C4 /* Images.xcassets */; };
		FAD638D11AC8A76200E004C4 /* LaunchScreen.xib in Resources */ = {isa = PBXBuildFile; fileRef = FAD638CF1AC8A76200E004C4 /* LaunchScreen.xib */; };
		FAD638DD1AC8A76200E004C4 /* BeerTests.swift in Sources */ = {isa = PBXBuildFile; fileRef = FAD638DC1AC8A76200E004C4 /* BeerTests.swift */; };
		FAD638EA1AC8AB0300E004C4 /* User.swift in Sources */ = {isa = PBXBuildFile; fileRef = FAD638E91AC8AB0300E004C4 /* User.swift */; };
		FAD638EC1AC8AB1400E004C4 /* Bar.swift in Sources */ = {isa = PBXBuildFile; fileRef = FAD638EB1AC8AB1400E004C4 /* Bar.swift */; };
		FAD638EE1AC8AB3600E004C4 /* Invitation.swift in Sources */ = {isa = PBXBuildFile; fileRef = FAD638ED1AC8AB3600E004C4 /* Invitation.swift */; };
		FAD638F01AC8AB7200E004C4 /* MapKit.framework in Frameworks */ = {isa = PBXBuildFile; fileRef = FAD638EF1AC8AB7200E004C4 /* MapKit.framework */; };
/* End PBXBuildFile section */

/* Begin PBXContainerItemProxy section */
		FAD638D71AC8A76200E004C4 /* PBXContainerItemProxy */ = {
			isa = PBXContainerItemProxy;
			containerPortal = FAD638B61AC8A76200E004C4 /* Project object */;
			proxyType = 1;
			remoteGlobalIDString = FAD638BD1AC8A76200E004C4;
			remoteInfo = Beer;
		};
/* End PBXContainerItemProxy section */

/* Begin PBXFileReference section */
		FAD638BE1AC8A76200E004C4 /* Beer.app */ = {isa = PBXFileReference; explicitFileType = wrapper.application; includeInIndex = 0; path = Beer.app; sourceTree = BUILT_PRODUCTS_DIR; };
		FAD638C21AC8A76200E004C4 /* Info.plist */ = {isa = PBXFileReference; lastKnownFileType = text.plist.xml; path = Info.plist; sourceTree = "<group>"; };
		FAD638C31AC8A76200E004C4 /* AppDelegate.swift */ = {isa = PBXFileReference; lastKnownFileType = sourcecode.swift; path = AppDelegate.swift; sourceTree = "<group>"; };
		FAD638C61AC8A76200E004C4 /* Beer.xcdatamodel */ = {isa = PBXFileReference; lastKnownFileType = wrapper.xcdatamodel; path = Beer.xcdatamodel; sourceTree = "<group>"; };
		FAD638C81AC8A76200E004C4 /* ViewController.swift */ = {isa = PBXFileReference; lastKnownFileType = sourcecode.swift; path = ViewController.swift; sourceTree = "<group>"; };
		FAD638CB1AC8A76200E004C4 /* Base */ = {isa = PBXFileReference; lastKnownFileType = file.storyboard; name = Base; path = Base.lproj/Main.storyboard; sourceTree = "<group>"; };
		FAD638CD1AC8A76200E004C4 /* Images.xcassets */ = {isa = PBXFileReference; lastKnownFileType = folder.assetcatalog; path = Images.xcassets; sourceTree = "<group>"; };
		FAD638D01AC8A76200E004C4 /* Base */ = {isa = PBXFileReference; lastKnownFileType = file.xib; name = Base; path = Base.lproj/LaunchScreen.xib; sourceTree = "<group>"; };
		FAD638D61AC8A76200E004C4 /* BeerTests.xctest */ = {isa = PBXFileReference; explicitFileType = wrapper.cfbundle; includeInIndex = 0; path = BeerTests.xctest; sourceTree = BUILT_PRODUCTS_DIR; };
		FAD638DB1AC8A76200E004C4 /* Info.plist */ = {isa = PBXFileReference; lastKnownFileType = text.plist.xml; path = Info.plist; sourceTree = "<group>"; };
		FAD638DC1AC8A76200E004C4 /* BeerTests.swift */ = {isa = PBXFileReference; lastKnownFileType = sourcecode.swift; path = BeerTests.swift; sourceTree = "<group>"; };
		FAD638E91AC8AB0300E004C4 /* User.swift */ = {isa = PBXFileReference; fileEncoding = 4; lastKnownFileType = sourcecode.swift; name = User.swift; path = Beer/User.swift; sourceTree = "<group>"; };
		FAD638EB1AC8AB1400E004C4 /* Bar.swift */ = {isa = PBXFileReference; fileEncoding = 4; lastKnownFileType = sourcecode.swift; name = Bar.swift; path = Beer/Bar.swift; sourceTree = "<group>"; };
		FAD638ED1AC8AB3600E004C4 /* Invitation.swift */ = {isa = PBXFileReference; fileEncoding = 4; lastKnownFileType = sourcecode.swift; name = Invitation.swift; path = Beer/Invitation.swift; sourceTree = "<group>"; };
		FAD638EF1AC8AB7200E004C4 /* MapKit.framework */ = {isa = PBXFileReference; lastKnownFileType = wrapper.framework; name = MapKit.framework; path = System/Library/Frameworks/MapKit.framework; sourceTree = SDKROOT; };
/* End PBXFileReference section */

/* Begin PBXFrameworksBuildPhase section */
		FAD638BB1AC8A76200E004C4 /* Frameworks */ = {
			isa = PBXFrameworksBuildPhase;
			buildActionMask = 2147483647;
			files = (
				FAD638F01AC8AB7200E004C4 /* MapKit.framework in Frameworks */,
			);
			runOnlyForDeploymentPostprocessing = 0;
		};
		FAD638D31AC8A76200E004C4 /* Frameworks */ = {
			isa = PBXFrameworksBuildPhase;
			buildActionMask = 2147483647;
			files = (
			);
			runOnlyForDeploymentPostprocessing = 0;
		};
/* End PBXFrameworksBuildPhase section */

/* Begin PBXGroup section */
		FAD638B51AC8A76200E004C4 = {
			isa = PBXGroup;
			children = (
				FAD638EF1AC8AB7200E004C4 /* MapKit.framework */,
				FAD638E61AC8AA4800E004C4 /* Models */,
				FAD638C01AC8A76200E004C4 /* Beer */,
				FAD638D91AC8A76200E004C4 /* BeerTests */,
				FAD638BF1AC8A76200E004C4 /* Products */,
			);
			sourceTree = "<group>";
		};
		FAD638BF1AC8A76200E004C4 /* Products */ = {
			isa = PBXGroup;
			children = (
				FAD638BE1AC8A76200E004C4 /* Beer.app */,
				FAD638D61AC8A76200E004C4 /* BeerTests.xctest */,
			);
			name = Products;
			sourceTree = "<group>";
		};
		FAD638C01AC8A76200E004C4 /* Beer */ = {
			isa = PBXGroup;
			children = (
				FAD638C31AC8A76200E004C4 /* AppDelegate.swift */,
				FAD638C81AC8A76200E004C4 /* ViewController.swift */,
				FAD638CA1AC8A76200E004C4 /* Main.storyboard */,
				FAD638CD1AC8A76200E004C4 /* Images.xcassets */,
				FAD638CF1AC8A76200E004C4 /* LaunchScreen.xib */,
				FAD638C51AC8A76200E004C4 /* Beer.xcdatamodeld */,
				FAD638C11AC8A76200E004C4 /* Supporting Files */,
			);
			path = Beer;
			sourceTree = "<group>";
		};
		FAD638C11AC8A76200E004C4 /* Supporting Files */ = {
			isa = PBXGroup;
			children = (
				FAD638C21AC8A76200E004C4 /* Info.plist */,
			);
			name = "Supporting Files";
			sourceTree = "<group>";
		};
		FAD638D91AC8A76200E004C4 /* BeerTests */ = {
			isa = PBXGroup;
			children = (
				FAD638DC1AC8A76200E004C4 /* BeerTests.swift */,
				FAD638DA1AC8A76200E004C4 /* Supporting Files */,
			);
			path = BeerTests;
			sourceTree = "<group>";
		};
		FAD638DA1AC8A76200E004C4 /* Supporting Files */ = {
			isa = PBXGroup;
			children = (
				FAD638DB1AC8A76200E004C4 /* Info.plist */,
			);
			name = "Supporting Files";
			sourceTree = "<group>";
		};
		FAD638E61AC8AA4800E004C4 /* Models */ = {
			isa = PBXGroup;
			children = (
				FAD638E91AC8AB0300E004C4 /* User.swift */,
				FAD638EB1AC8AB1400E004C4 /* Bar.swift */,
				FAD638ED1AC8AB3600E004C4 /* Invitation.swift */,
			);
			name = Models;
			sourceTree = "<group>";
		};
/* End PBXGroup section */

/* Begin PBXNativeTarget section */
		FAD638BD1AC8A76200E004C4 /* Beer */ = {
			isa = PBXNativeTarget;
			buildConfigurationList = FAD638E01AC8A76200E004C4 /* Build configuration list for PBXNativeTarget "Beer" */;
			buildPhases = (
				FAD638BA1AC8A76200E004C4 /* Sources */,
				FAD638BB1AC8A76200E004C4 /* Frameworks */,
				FAD638BC1AC8A76200E004C4 /* Resources */,
			);
			buildRules = (
			);
			dependencies = (
			);
			name = Beer;
			productName = Beer;
			productReference = FAD638BE1AC8A76200E004C4 /* Beer.app */;
			productType = "com.apple.product-type.application";
		};
		FAD638D51AC8A76200E004C4 /* BeerTests */ = {
			isa = PBXNativeTarget;
			buildConfigurationList = FAD638E31AC8A76200E004C4 /* Build configuration list for PBXNativeTarget "BeerTests" */;
			buildPhases = (
				FAD638D21AC8A76200E004C4 /* Sources */,
				FAD638D31AC8A76200E004C4 /* Frameworks */,
				FAD638D41AC8A76200E004C4 /* Resources */,
			);
			buildRules = (
			);
			dependencies = (
				FAD638D81AC8A76200E004C4 /* PBXTargetDependency */,
			);
			name = BeerTests;
			productName = BeerTests;
			productReference = FAD638D61AC8A76200E004C4 /* BeerTests.xctest */;
			productType = "com.apple.product-type.bundle.unit-test";
		};
/* End PBXNativeTarget section */

/* Begin PBXProject section */
		FAD638B61AC8A76200E004C4 /* Project object */ = {
			isa = PBXProject;
			attributes = {
				LastUpgradeCheck = 0620;
				ORGANIZATIONNAME = "Beer Corporation";
				TargetAttributes = {
					FAD638BD1AC8A76200E004C4 = {
						CreatedOnToolsVersion = 6.2;
					};
					FAD638D51AC8A76200E004C4 = {
						CreatedOnToolsVersion = 6.2;
						TestTargetID = FAD638BD1AC8A76200E004C4;
					};
				};
			};
			buildConfigurationList = FAD638B91AC8A76200E004C4 /* Build configuration list for PBXProject "Beer" */;
			compatibilityVersion = "Xcode 3.2";
			developmentRegion = English;
			hasScannedForEncodings = 0;
			knownRegions = (
				en,
				Base,
			);
			mainGroup = FAD638B51AC8A76200E004C4;
			productRefGroup = FAD638BF1AC8A76200E004C4 /* Products */;
			projectDirPath = "";
			projectRoot = "";
			targets = (
				FAD638BD1AC8A76200E004C4 /* Beer */,
				FAD638D51AC8A76200E004C4 /* BeerTests */,
			);
		};
/* End PBXProject section */

/* Begin PBXResourcesBuildPhase section */
		FAD638BC1AC8A76200E004C4 /* Resources */ = {
			isa = PBXResourcesBuildPhase;
			buildActionMask = 2147483647;
			files = (
				FAD638CC1AC8A76200E004C4 /* Main.storyboard in Resources */,
				FAD638D11AC8A76200E004C4 /* LaunchScreen.xib in Resources */,
				FAD638CE1AC8A76200E004C4 /* Images.xcassets in Resources */,
			);
			runOnlyForDeploymentPostprocessing = 0;
		};
		FAD638D41AC8A76200E004C4 /* Resources */ = {
			isa = PBXResourcesBuildPhase;
			buildActionMask = 2147483647;
			files = (
			);
			runOnlyForDeploymentPostprocessing = 0;
		};
/* End PBXResourcesBuildPhase section */

/* Begin PBXSourcesBuildPhase section */
		FAD638BA1AC8A76200E004C4 /* Sources */ = {
			isa = PBXSourcesBuildPhase;
			buildActionMask = 2147483647;
			files = (
				FAD638EC1AC8AB1400E004C4 /* Bar.swift in Sources */,
				FAD638EA1AC8AB0300E004C4 /* User.swift in Sources */,
				FAD638EE1AC8AB3600E004C4 /* Invitation.swift in Sources */,
				FAD638C91AC8A76200E004C4 /* ViewController.swift in Sources */,
				FAD638C41AC8A76200E004C4 /* AppDelegate.swift in Sources */,
				FAD638C71AC8A76200E004C4 /* Beer.xcdatamodeld in Sources */,
			);
			runOnlyForDeploymentPostprocessing = 0;
		};
		FAD638D21AC8A76200E004C4 /* Sources */ = {
			isa = PBXSourcesBuildPhase;
			buildActionMask = 2147483647;
			files = (
				FAD638DD1AC8A76200E004C4 /* BeerTests.swift in Sources */,
			);
			runOnlyForDeploymentPostprocessing = 0;
		};
/* End PBXSourcesBuildPhase section */

/* Begin PBXTargetDependency section */
		FAD638D81AC8A76200E004C4 /* PBXTargetDependency */ = {
			isa = PBXTargetDependency;
			target = FAD638BD1AC8A76200E004C4 /* Beer */;
			targetProxy = FAD638D71AC8A76200E004C4 /* PBXContainerItemProxy */;
		};
/* End PBXTargetDependency section */

/* Begin PBXVariantGroup section */
		FAD638CA1AC8A76200E004C4 /* Main.storyboard */ = {
			isa = PBXVariantGroup;
			children = (
				FAD638CB1AC8A76200E004C4 /* Base */,
			);
			name = Main.storyboard;
			sourceTree = "<group>";
		};
		FAD638CF1AC8A76200E004C4 /* LaunchScreen.xib */ = {
			isa = PBXVariantGroup;
			children = (
				FAD638D01AC8A76200E004C4 /* Base */,
			);
			name = LaunchScreen.xib;
			sourceTree = "<group>";
		};
/* End PBXVariantGroup section */

/* Begin XCBuildConfiguration section */
		FAD638DE1AC8A76200E004C4 /* Debug */ = {
			isa = XCBuildConfiguration;
			buildSettings = {
				ALWAYS_SEARCH_USER_PATHS = NO;
				CLANG_CXX_LANGUAGE_STANDARD = "gnu++0x";
				CLANG_CXX_LIBRARY = "libc++";
				CLANG_ENABLE_MODULES = YES;
				CLANG_ENABLE_OBJC_ARC = YES;
				CLANG_WARN_BOOL_CONVERSION = YES;
				CLANG_WARN_CONSTANT_CONVERSION = YES;
				CLANG_WARN_DIRECT_OBJC_ISA_USAGE = YES_ERROR;
				CLANG_WARN_EMPTY_BODY = YES;
				CLANG_WARN_ENUM_CONVERSION = YES;
				CLANG_WARN_INT_CONVERSION = YES;
				CLANG_WARN_OBJC_ROOT_CLASS = YES_ERROR;
				CLANG_WARN_UNREACHABLE_CODE = YES;
				CLANG_WARN__DUPLICATE_METHOD_MATCH = YES;
				"CODE_SIGN_IDENTITY[sdk=iphoneos*]" = "iPhone Developer";
				COPY_PHASE_STRIP = NO;
				ENABLE_STRICT_OBJC_MSGSEND = YES;
				GCC_C_LANGUAGE_STANDARD = gnu99;
				GCC_DYNAMIC_NO_PIC = NO;
				GCC_OPTIMIZATION_LEVEL = 0;
				GCC_PREPROCESSOR_DEFINITIONS = (
					"DEBUG=1",
					"$(inherited)",
				);
				GCC_SYMBOLS_PRIVATE_EXTERN = NO;
				GCC_WARN_64_TO_32_BIT_CONVERSION = YES;
				GCC_WARN_ABOUT_RETURN_TYPE = YES_ERROR;
				GCC_WARN_UNDECLARED_SELECTOR = YES;
				GCC_WARN_UNINITIALIZED_AUTOS = YES_AGGRESSIVE;
				GCC_WARN_UNUSED_FUNCTION = YES;
				GCC_WARN_UNUSED_VARIABLE = YES;
				IPHONEOS_DEPLOYMENT_TARGET = 8.2;
				MTL_ENABLE_DEBUG_INFO = YES;
				ONLY_ACTIVE_ARCH = YES;
				SDKROOT = iphoneos;
				SWIFT_OPTIMIZATION_LEVEL = "-Onone";
			};
			name = Debug;
		};
		FAD638DF1AC8A76200E004C4 /* Release */ = {
			isa = XCBuildConfiguration;
			buildSettings = {
				ALWAYS_SEARCH_USER_PATHS = NO;
				CLANG_CXX_LANGUAGE_STANDARD = "gnu++0x";
				CLANG_CXX_LIBRARY = "libc++";
				CLANG_ENABLE_MODULES = YES;
				CLANG_ENABLE_OBJC_ARC = YES;
				CLANG_WARN_BOOL_CONVERSION = YES;
				CLANG_WARN_CONSTANT_CONVERSION = YES;
				CLANG_WARN_DIRECT_OBJC_ISA_USAGE = YES_ERROR;
				CLANG_WARN_EMPTY_BODY = YES;
				CLANG_WARN_ENUM_CONVERSION = YES;
				CLANG_WARN_INT_CONVERSION = YES;
				CLANG_WARN_OBJC_ROOT_CLASS = YES_ERROR;
				CLANG_WARN_UNREACHABLE_CODE = YES;
				CLANG_WARN__DUPLICATE_METHOD_MATCH = YES;
				"CODE_SIGN_IDENTITY[sdk=iphoneos*]" = "iPhone Developer";
				COPY_PHASE_STRIP = NO;
				ENABLE_NS_ASSERTIONS = NO;
				ENABLE_STRICT_OBJC_MSGSEND = YES;
				GCC_C_LANGUAGE_STANDARD = gnu99;
				GCC_WARN_64_TO_32_BIT_CONVERSION = YES;
				GCC_WARN_ABOUT_RETURN_TYPE = YES_ERROR;
				GCC_WARN_UNDECLARED_SELECTOR = YES;
				GCC_WARN_UNINITIALIZED_AUTOS = YES_AGGRESSIVE;
				GCC_WARN_UNUSED_FUNCTION = YES;
				GCC_WARN_UNUSED_VARIABLE = YES;
				IPHONEOS_DEPLOYMENT_TARGET = 8.2;
				MTL_ENABLE_DEBUG_INFO = NO;
				SDKROOT = iphoneos;
				VALIDATE_PRODUCT = YES;
			};
			name = Release;
		};
		FAD638E11AC8A76200E004C4 /* Debug */ = {
			isa = XCBuildConfiguration;
			buildSettings = {
				ASSETCATALOG_COMPILER_APPICON_NAME = AppIcon;
				INFOPLIST_FILE = Beer/Info.plist;
				LD_RUNPATH_SEARCH_PATHS = "$(inherited) @executable_path/Frameworks";
				PRODUCT_NAME = "$(TARGET_NAME)";
			};
			name = Debug;
		};
		FAD638E21AC8A76200E004C4 /* Release */ = {
			isa = XCBuildConfiguration;
			buildSettings = {
				ASSETCATALOG_COMPILER_APPICON_NAME = AppIcon;
				INFOPLIST_FILE = Beer/Info.plist;
				LD_RUNPATH_SEARCH_PATHS = "$(inherited) @executable_path/Frameworks";
				PRODUCT_NAME = "$(TARGET_NAME)";
			};
			name = Release;
		};
		FAD638E41AC8A76200E004C4 /* Debug */ = {
			isa = XCBuildConfiguration;
			buildSettings = {
				BUNDLE_LOADER = "$(TEST_HOST)";
				FRAMEWORK_SEARCH_PATHS = (
					"$(SDKROOT)/Developer/Library/Frameworks",
					"$(inherited)",
				);
				GCC_PREPROCESSOR_DEFINITIONS = (
					"DEBUG=1",
					"$(inherited)",
				);
				INFOPLIST_FILE = BeerTests/Info.plist;
				LD_RUNPATH_SEARCH_PATHS = "$(inherited) @executable_path/Frameworks @loader_path/Frameworks";
				PRODUCT_NAME = "$(TARGET_NAME)";
				TEST_HOST = "$(BUILT_PRODUCTS_DIR)/Beer.app/Beer";
			};
			name = Debug;
		};
		FAD638E51AC8A76200E004C4 /* Release */ = {
			isa = XCBuildConfiguration;
			buildSettings = {
				BUNDLE_LOADER = "$(TEST_HOST)";
				FRAMEWORK_SEARCH_PATHS = (
					"$(SDKROOT)/Developer/Library/Frameworks",
					"$(inherited)",
				);
				INFOPLIST_FILE = BeerTests/Info.plist;
				LD_RUNPATH_SEARCH_PATHS = "$(inherited) @executable_path/Frameworks @loader_path/Frameworks";
				PRODUCT_NAME = "$(TARGET_NAME)";
				TEST_HOST = "$(BUILT_PRODUCTS_DIR)/Beer.app/Beer";
			};
			name = Release;
		};
/* End XCBuildConfiguration section */

/* Begin XCConfigurationList section */
		FAD638B91AC8A76200E004C4 /* Build configuration list for PBXProject "Beer" */ = {
			isa = XCConfigurationList;
			buildConfigurations = (
				FAD638DE1AC8A76200E004C4 /* Debug */,
				FAD638DF1AC8A76200E004C4 /* Release */,
			);
			defaultConfigurationIsVisible = 0;
			defaultConfigurationName = Release;
		};
		FAD638E01AC8A76200E004C4 /* Build configuration list for PBXNativeTarget "Beer" */ = {
			isa = XCConfigurationList;
			buildConfigurations = (
				FAD638E11AC8A76200E004C4 /* Debug */,
				FAD638E21AC8A76200E004C4 /* Release */,
			);
			defaultConfigurationIsVisible = 0;
			defaultConfigurationName = Release;
		};
		FAD638E31AC8A76200E004C4 /* Build configuration list for PBXNativeTarget "BeerTests" */ = {
			isa = XCConfigurationList;
			buildConfigurations = (
				FAD638E41AC8A76200E004C4 /* Debug */,
				FAD638E51AC8A76200E004C4 /* Release */,
			);
			defaultConfigurationIsVisible = 0;
			defaultConfigurationName = Release;
		};
/* End XCConfigurationList section */

/* Begin XCVersionGroup section */
		FAD638C51AC8A76200E004C4 /* Beer.xcdatamodeld */ = {
			isa = XCVersionGroup;
			children = (
				FAD638C61AC8A76200E004C4 /* Beer.xcdatamodel */,
			);
			currentVersion = FAD638C61AC8A76200E004C4 /* Beer.xcdatamodel */;
			path = Beer.xcdatamodeld;
			sourceTree = "<group>";
			versionGroupType = wrapper.xcdatamodel;
		};
/* End XCVersionGroup section */
	};
	rootObject = FAD638B61AC8A76200E004C4 /* Project object */;
}
